
Microsoft Visual Studio Solution File, Format Version 12.00
# Visual Studio Version 17
VisualStudioVersion = 17.8.34316.72
MinimumVisualStudioVersion = 10.0.40219.1
Project("{8BC9CEB8-8B4A-11D0-8D11-00A0C91BC942}") = "DFS", "DFS\DFS.vcxproj", "{0516C34C-0D33-4883-9BF4-2C6CFAD811BC}"
EndProject
Global
	GlobalSection(SolutionConfigurationPlatforms) = preSolution
		Debug|x64 = Debug|x64
		Debug|x86 = Debug|x86
		Release|x64 = Release|x64
		Release|x86 = Release|x86
	EndGlobalSection
	GlobalSection(ProjectConfigurationPlatforms) = postSolution
		{0516C34C-0D33-4883-9BF4-2C6CFAD811BC}.Debug|x64.ActiveCfg = Debug|x64
		{0516C34C-0D33-4883-9BF4-2C6CFAD811BC}.Debug|x64.Build.0 = Debug|x64
		{0516C34C-0D33-4883-9BF4-2C6CFAD811BC}.Debug|x86.ActiveCfg = Debug|Win32
		{0516C34C-0D33-4883-9BF4-2C6CFAD811BC}.Debug|x86.Build.0 = Debug|Win32
		{0516C34C-0D33-4883-9BF4-2C6CFAD811BC}.Release|x64.ActiveCfg = Release|x64
		{0516C34C-0D33-4883-9BF4-2C6CFAD811BC}.Release|x64.Build.0 = Release|x64
		{0516C34C-0D33-4883-9BF4-2C6CFAD811BC}.Release|x86.ActiveCfg = Release|Win32
		{0516C34C-0D33-4883-9BF4-2C6CFAD811BC}.Release|x86.Build.0 = Release|Win32
	EndGlobalSection
	GlobalSection(SolutionProperties) = preSolution
		HideSolutionNode = FALSE
	EndGlobalSection
	GlobalSection(ExtensibilityGlobals) = postSolution
		SolutionGuid = {EC820F2A-FB7F-4943-AC82-67C7329EED29}
	EndGlobalSection
EndGlobal
